// !$*UTF8*$!
{
	archiveVersion = 1;
	classes = {
	};
	objectVersion = 77;
	objects = {

/* Begin PBXBuildFile section */
		0AF0BBF88237725A968EE4F1 /* AppPreferencesStore.swift in Sources */ = {isa = PBXBuildFile; fileRef = 90D775CF6B7352AED3479FFD /* AppPreferencesStore.swift */; };
		2CAD5C28055D8F73F31E3A39 /* PermissionDiagnostics.swift in Sources */ = {isa = PBXBuildFile; fileRef = 48DA49226161C585CBD1FA2A /* PermissionDiagnostics.swift */; };
		428965A1E395BCB83916579B /* PermissionsSettingsSection.swift in Sources */ = {isa = PBXBuildFile; fileRef = F733D693C1A8A00C6BE0CABD /* PermissionsSettingsSection.swift */; };
		4781688117279BFE2587A3B2 /* SettingsViewHelpers.swift in Sources */ = {isa = PBXBuildFile; fileRef = B3027E675F71FD3E10FAA5CF /* SettingsViewHelpers.swift */; };
		49A140647943080ABE678D5D /* APIKeyStore.swift in Sources */ = {isa = PBXBuildFile; fileRef = CFD6BFBB94DC8731CEBAD2D1 /* APIKeyStore.swift */; };
		5BE89A581FEA823CE43EB138 /* MediaSettingsSection.swift in Sources */ = {isa = PBXBuildFile; fileRef = A4952A558D0E6B0A6EE34E73 /* MediaSettingsSection.swift */; };
		698119E5BA809B9C2AF9D84D /* StenoApp.swift in Sources */ = {isa = PBXBuildFile; fileRef = 84B74960E1D23B5BA13BF785 /* StenoApp.swift */; };
		6CEBAE7A3867FC04CFC4AA62 /* MenuBarController.swift in Sources */ = {isa = PBXBuildFile; fileRef = 8E9B1974AACAD643E9F4F499 /* MenuBarController.swift */; };
		7046F276D2DAB927008B8A7A /* HistoryView.swift in Sources */ = {isa = PBXBuildFile; fileRef = BCE3C2B3552D5A5197BC60AC /* HistoryView.swift */; };
		89FD4E04C38241B3C5303EEF /* DictationController.swift in Sources */ = {isa = PBXBuildFile; fileRef = C74FE80142B92C169D70883E /* DictationController.swift */; };
		8B54AE3220111548E771A455 /* MicButton.swift in Sources */ = {isa = PBXBuildFile; fileRef = E96572D027D819008581EA9A /* MicButton.swift */; };
		8C46E8E4212A63B825829B8B /* StenoKit in Frameworks */ = {isa = PBXBuildFile; productRef = A427FD8BAF5CCF8443A64856 /* StenoKit */; };
		990FD3B52DABED7C3E5D0005 /* CleanupStyleSettingsSection.swift in Sources */ = {isa = PBXBuildFile; fileRef = 241028A50A4849A82337321C /* CleanupStyleSettingsSection.swift */; };
		9CD556C4889C3289628DC156 /* InsertionSettingsSection.swift in Sources */ = {isa = PBXBuildFile; fileRef = 9CF63639F1CB22D73043B93D /* InsertionSettingsSection.swift */; };
		A78E3A89B808E0A82CA07509 /* HistoryTab.swift in Sources */ = {isa = PBXBuildFile; fileRef = E1EB847F95D78FA578FFEAB8 /* HistoryTab.swift */; };
		AE4DCF34135F5DE8C725000C /* AppPreferences.swift in Sources */ = {isa = PBXBuildFile; fileRef = 5E956892CC80AFD9D568A53D /* AppPreferences.swift */; };
		B45D9BEBE90911F40120A954 /* OnboardingView.swift in Sources */ = {isa = PBXBuildFile; fileRef = 14339F63E8A43A56C5D974B9 /* OnboardingView.swift */; };
		B467896D8DE458E6B8EF53A5 /* SettingsView.swift in Sources */ = {isa = PBXBuildFile; fileRef = 61CCEDB3D85BD86497DF52BD /* SettingsView.swift */; };
		BABB70AD0128278756A42222 /* LexiconSettingsSection.swift in Sources */ = {isa = PBXBuildFile; fileRef = 57CB43686EB8ABB9FA70E775 /* LexiconSettingsSection.swift */; };
		BCD73225A901E80E6840ED89 /* CleanupSettingsSection.swift in Sources */ = {isa = PBXBuildFile; fileRef = 9D19D4FC92D4113DE351F508 /* CleanupSettingsSection.swift */; };
		BDB78ECAE9ADA3BB952F8AF9 /* PermissionStatusCard.swift in Sources */ = {isa = PBXBuildFile; fileRef = E6C2AB9A6880A2D8F05EEF12 /* PermissionStatusCard.swift */; };
		C9D413FE92E5DF0A81F3C64C /* RecordTab.swift in Sources */ = {isa = PBXBuildFile; fileRef = EBF337AFDD650F83582B6DFA /* RecordTab.swift */; };
		D71613CF8B57DBC355A4601C /* DesignSystem.swift in Sources */ = {isa = PBXBuildFile; fileRef = 2749F7C2F8E324ADDA6089A7 /* DesignSystem.swift */; };
		D78717137112233EAED145AF /* ContentView.swift in Sources */ = {isa = PBXBuildFile; fileRef = 05BB7C559E3ABD3D9DEA67D0 /* ContentView.swift */; };
		E1F246847D23BC545577CE83 /* RecordingSettingsSection.swift in Sources */ = {isa = PBXBuildFile; fileRef = EA63A687E65C1F0FFBABD024 /* RecordingSettingsSection.swift */; };
		E3AD4F4D667D5CC5761EEB87 /* LaunchAtLoginService.swift in Sources */ = {isa = PBXBuildFile; fileRef = 8604A469001BA69E26994A01 /* LaunchAtLoginService.swift */; };
		FEA5B116AC7856E67BF60389 /* SnippetsSettingsSection.swift in Sources */ = {isa = PBXBuildFile; fileRef = 6D6DAB4896DC1509BE3EA6CB /* SnippetsSettingsSection.swift */; };
		FEF241D9237A0255D0C8A15A /* EngineSettingsSection.swift in Sources */ = {isa = PBXBuildFile; fileRef = F4364CDEC54B73EA656FC08A /* EngineSettingsSection.swift */; };
		FFC95BAD2AF2948882BEC72E /* GeneralSettingsSection.swift in Sources */ = {isa = PBXBuildFile; fileRef = 6C5F1260BBE1284A7D5797B1 /* GeneralSettingsSection.swift */; };
/* End PBXBuildFile section */

/* Begin PBXFileReference section */
		05BB7C559E3ABD3D9DEA67D0 /* ContentView.swift */ = {isa = PBXFileReference; lastKnownFileType = sourcecode.swift; path = ContentView.swift; sourceTree = "<group>"; };
		1152889D432062BCE14EB1CD /* StenoKit */ = {isa = PBXFileReference; lastKnownFileType = folder; name = StenoKit; path = StenoKit; sourceTree = SOURCE_ROOT; };
		14339F63E8A43A56C5D974B9 /* OnboardingView.swift */ = {isa = PBXFileReference; lastKnownFileType = sourcecode.swift; path = OnboardingView.swift; sourceTree = "<group>"; };
		241028A50A4849A82337321C /* CleanupStyleSettingsSection.swift */ = {isa = PBXFileReference; lastKnownFileType = sourcecode.swift; path = CleanupStyleSettingsSection.swift; sourceTree = "<group>"; };
		2749F7C2F8E324ADDA6089A7 /* DesignSystem.swift */ = {isa = PBXFileReference; lastKnownFileType = sourcecode.swift; path = DesignSystem.swift; sourceTree = "<group>"; };
		48DA49226161C585CBD1FA2A /* PermissionDiagnostics.swift */ = {isa = PBXFileReference; lastKnownFileType = sourcecode.swift; path = PermissionDiagnostics.swift; sourceTree = "<group>"; };
		57CB43686EB8ABB9FA70E775 /* LexiconSettingsSection.swift */ = {isa = PBXFileReference; lastKnownFileType = sourcecode.swift; path = LexiconSettingsSection.swift; sourceTree = "<group>"; };
		5E956892CC80AFD9D568A53D /* AppPreferences.swift */ = {isa = PBXFileReference; lastKnownFileType = sourcecode.swift; path = AppPreferences.swift; sourceTree = "<group>"; };
		61CCEDB3D85BD86497DF52BD /* SettingsView.swift */ = {isa = PBXFileReference; lastKnownFileType = sourcecode.swift; path = SettingsView.swift; sourceTree = "<group>"; };
		6C5F1260BBE1284A7D5797B1 /* GeneralSettingsSection.swift */ = {isa = PBXFileReference; lastKnownFileType = sourcecode.swift; path = GeneralSettingsSection.swift; sourceTree = "<group>"; };
		6D6DAB4896DC1509BE3EA6CB /* SnippetsSettingsSection.swift */ = {isa = PBXFileReference; lastKnownFileType = sourcecode.swift; path = SnippetsSettingsSection.swift; sourceTree = "<group>"; };
		7BFFDE01C892D5A692F1E8A3 /* Steno.app */ = {isa = PBXFileReference; explicitFileType = wrapper.application; includeInIndex = 0; path = Steno.app; sourceTree = BUILT_PRODUCTS_DIR; };
		84B74960E1D23B5BA13BF785 /* StenoApp.swift */ = {isa = PBXFileReference; lastKnownFileType = sourcecode.swift; path = StenoApp.swift; sourceTree = "<group>"; };
		8604A469001BA69E26994A01 /* LaunchAtLoginService.swift */ = {isa = PBXFileReference; lastKnownFileType = sourcecode.swift; path = LaunchAtLoginService.swift; sourceTree = "<group>"; };
		8E9B1974AACAD643E9F4F499 /* MenuBarController.swift */ = {isa = PBXFileReference; lastKnownFileType = sourcecode.swift; path = MenuBarController.swift; sourceTree = "<group>"; };
		90D775CF6B7352AED3479FFD /* AppPreferencesStore.swift */ = {isa = PBXFileReference; lastKnownFileType = sourcecode.swift; path = AppPreferencesStore.swift; sourceTree = "<group>"; };
		9CF63639F1CB22D73043B93D /* InsertionSettingsSection.swift */ = {isa = PBXFileReference; lastKnownFileType = sourcecode.swift; path = InsertionSettingsSection.swift; sourceTree = "<group>"; };
		9D19D4FC92D4113DE351F508 /* CleanupSettingsSection.swift */ = {isa = PBXFileReference; lastKnownFileType = sourcecode.swift; path = CleanupSettingsSection.swift; sourceTree = "<group>"; };
		A4952A558D0E6B0A6EE34E73 /* MediaSettingsSection.swift */ = {isa = PBXFileReference; lastKnownFileType = sourcecode.swift; path = MediaSettingsSection.swift; sourceTree = "<group>"; };
		B3027E675F71FD3E10FAA5CF /* SettingsViewHelpers.swift */ = {isa = PBXFileReference; lastKnownFileType = sourcecode.swift; path = SettingsViewHelpers.swift; sourceTree = "<group>"; };
		BCE3C2B3552D5A5197BC60AC /* HistoryView.swift */ = {isa = PBXFileReference; lastKnownFileType = sourcecode.swift; path = HistoryView.swift; sourceTree = "<group>"; };
		C74FE80142B92C169D70883E /* DictationController.swift */ = {isa = PBXFileReference; lastKnownFileType = sourcecode.swift; path = DictationController.swift; sourceTree = "<group>"; };
		CFD6BFBB94DC8731CEBAD2D1 /* APIKeyStore.swift */ = {isa = PBXFileReference; lastKnownFileType = sourcecode.swift; path = APIKeyStore.swift; sourceTree = "<group>"; };
		E1EB847F95D78FA578FFEAB8 /* HistoryTab.swift */ = {isa = PBXFileReference; lastKnownFileType = sourcecode.swift; path = HistoryTab.swift; sourceTree = "<group>"; };
		E6C2AB9A6880A2D8F05EEF12 /* PermissionStatusCard.swift */ = {isa = PBXFileReference; lastKnownFileType = sourcecode.swift; path = PermissionStatusCard.swift; sourceTree = "<group>"; };
		E96572D027D819008581EA9A /* MicButton.swift */ = {isa = PBXFileReference; lastKnownFileType = sourcecode.swift; path = MicButton.swift; sourceTree = "<group>"; };
		EA63A687E65C1F0FFBABD024 /* RecordingSettingsSection.swift */ = {isa = PBXFileReference; lastKnownFileType = sourcecode.swift; path = RecordingSettingsSection.swift; sourceTree = "<group>"; };
		EBF337AFDD650F83582B6DFA /* RecordTab.swift */ = {isa = PBXFileReference; lastKnownFileType = sourcecode.swift; path = RecordTab.swift; sourceTree = "<group>"; };
		F4364CDEC54B73EA656FC08A /* EngineSettingsSection.swift */ = {isa = PBXFileReference; lastKnownFileType = sourcecode.swift; path = EngineSettingsSection.swift; sourceTree = "<group>"; };
		F733D693C1A8A00C6BE0CABD /* PermissionsSettingsSection.swift */ = {isa = PBXFileReference; lastKnownFileType = sourcecode.swift; path = PermissionsSettingsSection.swift; sourceTree = "<group>"; };
/* End PBXFileReference section */

/* Begin PBXFrameworksBuildPhase section */
		EC2C14DE576911BF4FB2930A /* Frameworks */ = {
			isa = PBXFrameworksBuildPhase;
			buildActionMask = 2147483647;
			files = (
				8C46E8E4212A63B825829B8B /* StenoKit in Frameworks */,
			);
			runOnlyForDeploymentPostprocessing = 0;
		};
/* End PBXFrameworksBuildPhase section */

/* Begin PBXGroup section */
		AA20F6C2C238412F4E60B597 /* Packages */ = {
			isa = PBXGroup;
			children = (
				1152889D432062BCE14EB1CD /* StenoKit */,
			);
			name = Packages;
			sourceTree = "<group>";
		};
		C3094D406CB3217A8D96CF68 = {
			isa = PBXGroup;
			children = (
				AA20F6C2C238412F4E60B597 /* Packages */,
				D2F0AD00E401CA7698AF9809 /* Steno */,
				C6340290E47F0E0B92C73137 /* Products */,
			);
			sourceTree = "<group>";
		};
		C6340290E47F0E0B92C73137 /* Products */ = {
			isa = PBXGroup;
			children = (
				7BFFDE01C892D5A692F1E8A3 /* Steno.app */,
			);
			name = Products;
			sourceTree = "<group>";
		};
		D2F0AD00E401CA7698AF9809 /* Steno */ = {
			isa = PBXGroup;
			children = (
				CFD6BFBB94DC8731CEBAD2D1 /* APIKeyStore.swift */,
				5E956892CC80AFD9D568A53D /* AppPreferences.swift */,
				90D775CF6B7352AED3479FFD /* AppPreferencesStore.swift */,
				9D19D4FC92D4113DE351F508 /* CleanupSettingsSection.swift */,
				241028A50A4849A82337321C /* CleanupStyleSettingsSection.swift */,
				05BB7C559E3ABD3D9DEA67D0 /* ContentView.swift */,
				2749F7C2F8E324ADDA6089A7 /* DesignSystem.swift */,
				C74FE80142B92C169D70883E /* DictationController.swift */,
				F4364CDEC54B73EA656FC08A /* EngineSettingsSection.swift */,
				6C5F1260BBE1284A7D5797B1 /* GeneralSettingsSection.swift */,
				E1EB847F95D78FA578FFEAB8 /* HistoryTab.swift */,
				BCE3C2B3552D5A5197BC60AC /* HistoryView.swift */,
				9CF63639F1CB22D73043B93D /* InsertionSettingsSection.swift */,
				8604A469001BA69E26994A01 /* LaunchAtLoginService.swift */,
				57CB43686EB8ABB9FA70E775 /* LexiconSettingsSection.swift */,
				A4952A558D0E6B0A6EE34E73 /* MediaSettingsSection.swift */,
				8E9B1974AACAD643E9F4F499 /* MenuBarController.swift */,
				E96572D027D819008581EA9A /* MicButton.swift */,
				14339F63E8A43A56C5D974B9 /* OnboardingView.swift */,
				48DA49226161C585CBD1FA2A /* PermissionDiagnostics.swift */,
				F733D693C1A8A00C6BE0CABD /* PermissionsSettingsSection.swift */,
				E6C2AB9A6880A2D8F05EEF12 /* PermissionStatusCard.swift */,
				EA63A687E65C1F0FFBABD024 /* RecordingSettingsSection.swift */,
				EBF337AFDD650F83582B6DFA /* RecordTab.swift */,
				61CCEDB3D85BD86497DF52BD /* SettingsView.swift */,
				B3027E675F71FD3E10FAA5CF /* SettingsViewHelpers.swift */,
				6D6DAB4896DC1509BE3EA6CB /* SnippetsSettingsSection.swift */,
				84B74960E1D23B5BA13BF785 /* StenoApp.swift */,
			);
			path = Steno;
			sourceTree = "<group>";
		};
/* End PBXGroup section */

/* Begin PBXNativeTarget section */
		F616853E6F14329A02A0A2EB /* Steno */ = {
			isa = PBXNativeTarget;
			buildConfigurationList = 120C31E58CEA97460448ADDA /* Build configuration list for PBXNativeTarget "Steno" */;
			buildPhases = (
				6BD9B97752F82A8A7A460590 /* Sources */,
				EC2C14DE576911BF4FB2930A /* Frameworks */,
			);
			buildRules = (
			);
			dependencies = (
			);
			name = Steno;
			packageProductDependencies = (
				A427FD8BAF5CCF8443A64856 /* StenoKit */,
			);
			productName = Steno;
			productReference = 7BFFDE01C892D5A692F1E8A3 /* Steno.app */;
			productType = "com.apple.product-type.application";
		};
/* End PBXNativeTarget section */

/* Begin PBXProject section */
		B4C2DCFCCF5F8CEB7C4FBD5D /* Project object */ = {
			isa = PBXProject;
			attributes = {
				BuildIndependentTargetsInParallel = YES;
				LastUpgradeCheck = 1430;
				TargetAttributes = {
					F616853E6F14329A02A0A2EB = {
						ProvisioningStyle = Automatic;
					};
				};
			};
			buildConfigurationList = BF02287BCE8EFB5607879C3F /* Build configuration list for PBXProject "Steno" */;
			compatibilityVersion = "Xcode 14.0";
			developmentRegion = en;
			hasScannedForEncodings = 0;
			knownRegions = (
				Base,
				en,
			);
			mainGroup = C3094D406CB3217A8D96CF68;
			minimizedProjectReferenceProxies = 1;
			packageReferences = (
				5ACE7605219E1E148728B42C /* XCLocalSwiftPackageReference "StenoKit" */,
			);
			preferredProjectObjectVersion = 77;
			projectDirPath = "";
			projectRoot = "";
			targets = (
				F616853E6F14329A02A0A2EB /* Steno */,
			);
		};
/* End PBXProject section */

/* Begin PBXSourcesBuildPhase section */
		6BD9B97752F82A8A7A460590 /* Sources */ = {
			isa = PBXSourcesBuildPhase;
			buildActionMask = 2147483647;
			files = (
				49A140647943080ABE678D5D /* APIKeyStore.swift in Sources */,
				AE4DCF34135F5DE8C725000C /* AppPreferences.swift in Sources */,
				0AF0BBF88237725A968EE4F1 /* AppPreferencesStore.swift in Sources */,
				BCD73225A901E80E6840ED89 /* CleanupSettingsSection.swift in Sources */,
				990FD3B52DABED7C3E5D0005 /* CleanupStyleSettingsSection.swift in Sources */,
				D78717137112233EAED145AF /* ContentView.swift in Sources */,
				D71613CF8B57DBC355A4601C /* DesignSystem.swift in Sources */,
				89FD4E04C38241B3C5303EEF /* DictationController.swift in Sources */,
				FEF241D9237A0255D0C8A15A /* EngineSettingsSection.swift in Sources */,
				FFC95BAD2AF2948882BEC72E /* GeneralSettingsSection.swift in Sources */,
				A78E3A89B808E0A82CA07509 /* HistoryTab.swift in Sources */,
				7046F276D2DAB927008B8A7A /* HistoryView.swift in Sources */,
				9CD556C4889C3289628DC156 /* InsertionSettingsSection.swift in Sources */,
				E3AD4F4D667D5CC5761EEB87 /* LaunchAtLoginService.swift in Sources */,
				BABB70AD0128278756A42222 /* LexiconSettingsSection.swift in Sources */,
				5BE89A581FEA823CE43EB138 /* MediaSettingsSection.swift in Sources */,
				6CEBAE7A3867FC04CFC4AA62 /* MenuBarController.swift in Sources */,
				8B54AE3220111548E771A455 /* MicButton.swift in Sources */,
				B45D9BEBE90911F40120A954 /* OnboardingView.swift in Sources */,
				2CAD5C28055D8F73F31E3A39 /* PermissionDiagnostics.swift in Sources */,
				BDB78ECAE9ADA3BB952F8AF9 /* PermissionStatusCard.swift in Sources */,
				428965A1E395BCB83916579B /* PermissionsSettingsSection.swift in Sources */,
				C9D413FE92E5DF0A81F3C64C /* RecordTab.swift in Sources */,
				E1F246847D23BC545577CE83 /* RecordingSettingsSection.swift in Sources */,
				B467896D8DE458E6B8EF53A5 /* SettingsView.swift in Sources */,
				4781688117279BFE2587A3B2 /* SettingsViewHelpers.swift in Sources */,
				FEA5B116AC7856E67BF60389 /* SnippetsSettingsSection.swift in Sources */,
				698119E5BA809B9C2AF9D84D /* StenoApp.swift in Sources */,
			);
			runOnlyForDeploymentPostprocessing = 0;
		};
/* End PBXSourcesBuildPhase section */

/* Begin XCBuildConfiguration section */
		5F4635DEC90803A497C020B2 /* Release */ = {
			isa = XCBuildConfiguration;
			buildSettings = {
				ASSETCATALOG_COMPILER_APPICON_NAME = AppIcon;
				CODE_SIGN_IDENTITY = "Apple Development";
				CODE_SIGNING_ALLOWED = NO;
				CODE_SIGNING_REQUIRED = NO;
				CODE_SIGN_STYLE = Automatic;
				COMBINE_HIDPI_IMAGES = YES;
				GENERATE_INFOPLIST_FILE = YES;
				INFOPLIST_KEY_NSMicrophoneUsageDescription = "Steno needs microphone access for dictation.";
				LD_RUNPATH_SEARCH_PATHS = (
					"$(inherited)",
					"@executable_path/../Frameworks",
				);
				PRODUCT_BUNDLE_IDENTIFIER = io.stenoapp.steno;
				SDKROOT = macosx;
				SWIFT_VERSION = 6.0;
			};
			name = Release;
		};
		6E631CCEDDA560B65B061CC2 /* Debug */ = {
			isa = XCBuildConfiguration;
			buildSettings = {
				ALWAYS_SEARCH_USER_PATHS = NO;
				CLANG_ANALYZER_NONNULL = YES;
				CLANG_ANALYZER_NUMBER_OBJECT_CONVERSION = YES_AGGRESSIVE;
				CLANG_CXX_LANGUAGE_STANDARD = "gnu++14";
				CLANG_CXX_LIBRARY = "libc++";
				CLANG_ENABLE_MODULES = YES;
				CLANG_ENABLE_OBJC_ARC = YES;
				CLANG_ENABLE_OBJC_WEAK = YES;
				CLANG_WARN_BLOCK_CAPTURE_AUTORELEASING = YES;
				CLANG_WARN_BOOL_CONVERSION = YES;
				CLANG_WARN_COMMA = YES;
				CLANG_WARN_CONSTANT_CONVERSION = YES;
				CLANG_WARN_DEPRECATED_OBJC_IMPLEMENTATIONS = YES;
				CLANG_WARN_DIRECT_OBJC_ISA_USAGE = YES_ERROR;
				CLANG_WARN_DOCUMENTATION_COMMENTS = YES;
				CLANG_WARN_EMPTY_BODY = YES;
				CLANG_WARN_ENUM_CONVERSION = YES;
				CLANG_WARN_INFINITE_RECURSION = YES;
				CLANG_WARN_INT_CONVERSION = YES;
				CLANG_WARN_NON_LITERAL_NULL_CONVERSION = YES;
				CLANG_WARN_OBJC_IMPLICIT_RETAIN_SELF = YES;
				CLANG_WARN_OBJC_LITERAL_CONVERSION = YES;
				CLANG_WARN_OBJC_ROOT_CLASS = YES_ERROR;
				CLANG_WARN_QUOTED_INCLUDE_IN_FRAMEWORK_HEADER = YES;
				CLANG_WARN_RANGE_LOOP_ANALYSIS = YES;
				CLANG_WARN_STRICT_PROTOTYPES = YES;
				CLANG_WARN_SUSPICIOUS_MOVE = YES;
				CLANG_WARN_UNGUARDED_AVAILABILITY = YES_AGGRESSIVE;
				CLANG_WARN_UNREACHABLE_CODE = YES;
				CLANG_WARN__DUPLICATE_METHOD_MATCH = YES;
				COPY_PHASE_STRIP = NO;
				DEBUG_INFORMATION_FORMAT = dwarf;
				ENABLE_STRICT_OBJC_MSGSEND = YES;
				ENABLE_TESTABILITY = YES;
				GCC_C_LANGUAGE_STANDARD = gnu11;
				GCC_DYNAMIC_NO_PIC = NO;
				GCC_NO_COMMON_BLOCKS = YES;
				GCC_OPTIMIZATION_LEVEL = 0;
				GCC_PREPROCESSOR_DEFINITIONS = (
					"$(inherited)",
					"DEBUG=1",
				);
				GCC_WARN_64_TO_32_BIT_CONVERSION = YES;
				GCC_WARN_ABOUT_RETURN_TYPE = YES_ERROR;
				GCC_WARN_UNDECLARED_SELECTOR = YES;
				GCC_WARN_UNINITIALIZED_AUTOS = YES_AGGRESSIVE;
				GCC_WARN_UNUSED_FUNCTION = YES;
				GCC_WARN_UNUSED_VARIABLE = YES;
				MACOSX_DEPLOYMENT_TARGET = 13.0;
				MTL_ENABLE_DEBUG_INFO = INCLUDE_SOURCE;
				MTL_FAST_MATH = YES;
				ONLY_ACTIVE_ARCH = YES;
				PRODUCT_NAME = "$(TARGET_NAME)";
				SDKROOT = macosx;
				SWIFT_ACTIVE_COMPILATION_CONDITIONS = DEBUG;
				SWIFT_OPTIMIZATION_LEVEL = "-Onone";
				SWIFT_VERSION = 5.0;
			};
			name = Debug;
		};
		8A8B2080BFB08EDBBF7D10C6 /* Debug */ = {
			isa = XCBuildConfiguration;
			buildSettings = {
				ASSETCATALOG_COMPILER_APPICON_NAME = AppIcon;
				CODE_SIGN_IDENTITY = "Apple Development";
				CODE_SIGNING_ALLOWED = NO;
				CODE_SIGNING_REQUIRED = NO;
				CODE_SIGN_STYLE = Automatic;
				COMBINE_HIDPI_IMAGES = YES;
				GENERATE_INFOPLIST_FILE = YES;
				INFOPLIST_KEY_NSMicrophoneUsageDescription = "Steno needs microphone access for dictation.";
				LD_RUNPATH_SEARCH_PATHS = (
					"$(inherited)",
					"@executable_path/../Frameworks",
				);
				PRODUCT_BUNDLE_IDENTIFIER = io.stenoapp.steno;
				SDKROOT = macosx;
				SWIFT_VERSION = 6.0;
			};
			name = Debug;
		};
		CD4F3D1633C42CEDB2681884 /* Release */ = {
			isa = XCBuildConfiguration;
			buildSettings = {
				ALWAYS_SEARCH_USER_PATHS = NO;
				CLANG_ANALYZER_NONNULL = YES;
				CLANG_ANALYZER_NUMBER_OBJECT_CONVERSION = YES_AGGRESSIVE;
				CLANG_CXX_LANGUAGE_STANDARD = "gnu++14";
				CLANG_CXX_LIBRARY = "libc++";
				CLANG_ENABLE_MODULES = YES;
				CLANG_ENABLE_OBJC_ARC = YES;
				CLANG_ENABLE_OBJC_WEAK = YES;
				CLANG_WARN_BLOCK_CAPTURE_AUTORELEASING = YES;
				CLANG_WARN_BOOL_CONVERSION = YES;
				CLANG_WARN_COMMA = YES;
				CLANG_WARN_CONSTANT_CONVERSION = YES;
				CLANG_WARN_DEPRECATED_OBJC_IMPLEMENTATIONS = YES;
				CLANG_WARN_DIRECT_OBJC_ISA_USAGE = YES_ERROR;
				CLANG_WARN_DOCUMENTATION_COMMENTS = YES;
				CLANG_WARN_EMPTY_BODY = YES;
				CLANG_WARN_ENUM_CONVERSION = YES;
				CLANG_WARN_INFINITE_RECURSION = YES;
				CLANG_WARN_INT_CONVERSION = YES;
				CLANG_WARN_NON_LITERAL_NULL_CONVERSION = YES;
				CLANG_WARN_OBJC_IMPLICIT_RETAIN_SELF = YES;
				CLANG_WARN_OBJC_LITERAL_CONVERSION = YES;
				CLANG_WARN_OBJC_ROOT_CLASS = YES_ERROR;
				CLANG_WARN_QUOTED_INCLUDE_IN_FRAMEWORK_HEADER = YES;
				CLANG_WARN_RANGE_LOOP_ANALYSIS = YES;
				CLANG_WARN_STRICT_PROTOTYPES = YES;
				CLANG_WARN_SUSPICIOUS_MOVE = YES;
				CLANG_WARN_UNGUARDED_AVAILABILITY = YES_AGGRESSIVE;
				CLANG_WARN_UNREACHABLE_CODE = YES;
				CLANG_WARN__DUPLICATE_METHOD_MATCH = YES;
				COPY_PHASE_STRIP = NO;
				DEBUG_INFORMATION_FORMAT = "dwarf-with-dsym";
				ENABLE_NS_ASSERTIONS = NO;
				ENABLE_STRICT_OBJC_MSGSEND = YES;
				GCC_C_LANGUAGE_STANDARD = gnu11;
				GCC_NO_COMMON_BLOCKS = YES;
				GCC_WARN_64_TO_32_BIT_CONVERSION = YES;
				GCC_WARN_ABOUT_RETURN_TYPE = YES_ERROR;
				GCC_WARN_UNDECLARED_SELECTOR = YES;
				GCC_WARN_UNINITIALIZED_AUTOS = YES_AGGRESSIVE;
				GCC_WARN_UNUSED_FUNCTION = YES;
				GCC_WARN_UNUSED_VARIABLE = YES;
				MACOSX_DEPLOYMENT_TARGET = 13.0;
				MTL_ENABLE_DEBUG_INFO = NO;
				MTL_FAST_MATH = YES;
				PRODUCT_NAME = "$(TARGET_NAME)";
				SDKROOT = macosx;
				SWIFT_COMPILATION_MODE = wholemodule;
				SWIFT_OPTIMIZATION_LEVEL = "-O";
				SWIFT_VERSION = 5.0;
			};
			name = Release;
		};
/* End XCBuildConfiguration section */

/* Begin XCConfigurationList section */
		120C31E58CEA97460448ADDA /* Build configuration list for PBXNativeTarget "Steno" */ = {
			isa = XCConfigurationList;
			buildConfigurations = (
				8A8B2080BFB08EDBBF7D10C6 /* Debug */,
				5F4635DEC90803A497C020B2 /* Release */,
			);
			defaultConfigurationIsVisible = 0;
			defaultConfigurationName = Debug;
		};
		BF02287BCE8EFB5607879C3F /* Build configuration list for PBXProject "Steno" */ = {
			isa = XCConfigurationList;
			buildConfigurations = (
				6E631CCEDDA560B65B061CC2 /* Debug */,
				CD4F3D1633C42CEDB2681884 /* Release */,
			);
			defaultConfigurationIsVisible = 0;
			defaultConfigurationName = Debug;
		};
/* End XCConfigurationList section */

/* Begin XCLocalSwiftPackageReference section */
		5ACE7605219E1E148728B42C /* XCLocalSwiftPackageReference "StenoKit" */ = {
			isa = XCLocalSwiftPackageReference;
			relativePath = StenoKit;
		};
/* End XCLocalSwiftPackageReference section */

/* Begin XCSwiftPackageProductDependency section */
		A427FD8BAF5CCF8443A64856 /* StenoKit */ = {
			isa = XCSwiftPackageProductDependency;
			productName = StenoKit;
		};
/* End XCSwiftPackageProductDependency section */
	};
	rootObject = B4C2DCFCCF5F8CEB7C4FBD5D /* Project object */;
}
